
Microsoft Visual Studio Solution File, Format Version 12.00
# Visual Studio 15
VisualStudioVersion = 15.0.28010.2050
MinimumVisualStudioVersion = 10.0.40219.1
Project("{8BC9CEB8-8B4A-11D0-8D11-00A0C91BC942}") = "inner", "inner\inner.vcxproj", "{B2665073-B247-4A91-B084-BFA25A99BB15}"
EndProject
Global
	GlobalSection(SolutionConfigurationPlatforms) = preSolution
		Debug|x64 = Debug|x64
		Debug|x86 = Debug|x86
		Release|x64 = Release|x64
		Release|x86 = Release|x86
	EndGlobalSection
	GlobalSection(ProjectConfigurationPlatforms) = postSolution
		{B2665073-B247-4A91-B084-BFA25A99BB15}.Debug|x64.ActiveCfg = Debug|x64
		{B2665073-B247-4A91-B084-BFA25A99BB15}.Debug|x64.Build.0 = Debug|x64
		{B2665073-B247-4A91-B084-BFA25A99BB15}.Debug|x86.ActiveCfg = Debug|Win32
		{B2665073-B247-4A91-B084-BFA25A99BB15}.Debug|x86.Build.0 = Debug|Win32
		{B2665073-B247-4A91-B084-BFA25A99BB15}.Release|x64.ActiveCfg = Release|x64
		{B2665073-B247-4A91-B084-BFA25A99BB15}.Release|x64.Build.0 = Release|x64
		{B2665073-B247-4A91-B084-BFA25A99BB15}.Release|x86.ActiveCfg = Release|Win32
		{B2665073-B247-4A91-B084-BFA25A99BB15}.Release|x86.Build.0 = Release|Win32
	EndGlobalSection
	GlobalSection(SolutionProperties) = preSolution
		HideSolutionNode = FALSE
	EndGlobalSection
	GlobalSection(ExtensibilityGlobals) = postSolution
		SolutionGuid = {02065766-E271-445B-AC56-BC15A6CBD2BB}
	EndGlobalSection
EndGlobal
