
Microsoft Visual Studio Solution File, Format Version 12.00
# Visual Studio 15
VisualStudioVersion = 15.0.28010.2050
MinimumVisualStudioVersion = 10.0.40219.1
Project("{FAE04EC0-301F-11D3-BF4B-00C04F79EFBC}") = "WindowsFormsApp1", "WindowsFormsApp1\WindowsFormsApp1.csproj", "{EDBE1D8B-C557-4AB9-86F0-CD02C01F6EAC}"
EndProject
Global
	GlobalSection(SolutionConfigurationPlatforms) = preSolution
		Debug|Any CPU = Debug|Any CPU
		Release|Any CPU = Release|Any CPU
	EndGlobalSection
	GlobalSection(ProjectConfigurationPlatforms) = postSolution
		{EDBE1D8B-C557-4AB9-86F0-CD02C01F6EAC}.Debug|Any CPU.ActiveCfg = Debug|Any CPU
		{EDBE1D8B-C557-4AB9-86F0-CD02C01F6EAC}.Debug|Any CPU.Build.0 = Debug|Any CPU
		{EDBE1D8B-C557-4AB9-86F0-CD02C01F6EAC}.Release|Any CPU.ActiveCfg = Release|Any CPU
		{EDBE1D8B-C557-4AB9-86F0-CD02C01F6EAC}.Release|Any CPU.Build.0 = Release|Any CPU
	EndGlobalSection
	GlobalSection(SolutionProperties) = preSolution
		HideSolutionNode = FALSE
	EndGlobalSection
	GlobalSection(ExtensibilityGlobals) = postSolution
		SolutionGuid = {09F75E79-9E9B-40E9-828E-F7BCEB673420}
	EndGlobalSection
EndGlobal
