
Microsoft Visual Studio Solution File, Format Version 12.00
# Visual Studio 15
VisualStudioVersion = 15.0.28010.2050
MinimumVisualStudioVersion = 10.0.40219.1
Project("{8BC9CEB8-8B4A-11D0-8D11-00A0C91BC942}") = "methods", "methods\methods.vcxproj", "{35D37EB5-9A37-49F1-943D-31CA46A3789D}"
EndProject
Global
	GlobalSection(SolutionConfigurationPlatforms) = preSolution
		Debug|x64 = Debug|x64
		Debug|x86 = Debug|x86
		Release|x64 = Release|x64
		Release|x86 = Release|x86
	EndGlobalSection
	GlobalSection(ProjectConfigurationPlatforms) = postSolution
		{35D37EB5-9A37-49F1-943D-31CA46A3789D}.Debug|x64.ActiveCfg = Debug|x64
		{35D37EB5-9A37-49F1-943D-31CA46A3789D}.Debug|x64.Build.0 = Debug|x64
		{35D37EB5-9A37-49F1-943D-31CA46A3789D}.Debug|x86.ActiveCfg = Debug|Win32
		{35D37EB5-9A37-49F1-943D-31CA46A3789D}.Debug|x86.Build.0 = Debug|Win32
		{35D37EB5-9A37-49F1-943D-31CA46A3789D}.Release|x64.ActiveCfg = Release|x64
		{35D37EB5-9A37-49F1-943D-31CA46A3789D}.Release|x64.Build.0 = Release|x64
		{35D37EB5-9A37-49F1-943D-31CA46A3789D}.Release|x86.ActiveCfg = Release|Win32
		{35D37EB5-9A37-49F1-943D-31CA46A3789D}.Release|x86.Build.0 = Release|Win32
	EndGlobalSection
	GlobalSection(SolutionProperties) = preSolution
		HideSolutionNode = FALSE
	EndGlobalSection
	GlobalSection(ExtensibilityGlobals) = postSolution
		SolutionGuid = {51E3848B-D285-4D28-A69C-4E8B06CBA8C0}
	EndGlobalSection
EndGlobal
