
Microsoft Visual Studio Solution File, Format Version 12.00
# Visual Studio 15
VisualStudioVersion = 15.0.28010.2050
MinimumVisualStudioVersion = 10.0.40219.1
Project("{8BC9CEB8-8B4A-11D0-8D11-00A0C91BC942}") = "scheme", "scheme\scheme.vcxproj", "{E7E186B9-79FD-48F9-B323-4B176FEE20C1}"
EndProject
Global
	GlobalSection(SolutionConfigurationPlatforms) = preSolution
		Debug|x64 = Debug|x64
		Debug|x86 = Debug|x86
		Release|x64 = Release|x64
		Release|x86 = Release|x86
	EndGlobalSection
	GlobalSection(ProjectConfigurationPlatforms) = postSolution
		{E7E186B9-79FD-48F9-B323-4B176FEE20C1}.Debug|x64.ActiveCfg = Debug|x64
		{E7E186B9-79FD-48F9-B323-4B176FEE20C1}.Debug|x64.Build.0 = Debug|x64
		{E7E186B9-79FD-48F9-B323-4B176FEE20C1}.Debug|x86.ActiveCfg = Debug|Win32
		{E7E186B9-79FD-48F9-B323-4B176FEE20C1}.Debug|x86.Build.0 = Debug|Win32
		{E7E186B9-79FD-48F9-B323-4B176FEE20C1}.Release|x64.ActiveCfg = Release|x64
		{E7E186B9-79FD-48F9-B323-4B176FEE20C1}.Release|x64.Build.0 = Release|x64
		{E7E186B9-79FD-48F9-B323-4B176FEE20C1}.Release|x86.ActiveCfg = Release|Win32
		{E7E186B9-79FD-48F9-B323-4B176FEE20C1}.Release|x86.Build.0 = Release|Win32
	EndGlobalSection
	GlobalSection(SolutionProperties) = preSolution
		HideSolutionNode = FALSE
	EndGlobalSection
	GlobalSection(ExtensibilityGlobals) = postSolution
		SolutionGuid = {33F08D35-D9C9-4464-91C6-A38053B2EFF7}
	EndGlobalSection
EndGlobal
