
Microsoft Visual Studio Solution File, Format Version 12.00
# Visual Studio 15
VisualStudioVersion = 15.0.27703.2026
MinimumVisualStudioVersion = 10.0.40219.1
Project("{8BC9CEB8-8B4A-11D0-8D11-00A0C91BC942}") = "StaticThing", "StaticThing\StaticThing.vcxproj", "{DD2C8755-5053-4D36-B0B6-EC6BD1031C9B}"
EndProject
Global
	GlobalSection(SolutionConfigurationPlatforms) = preSolution
		Debug|x64 = Debug|x64
		Debug|x86 = Debug|x86
		Release|x64 = Release|x64
		Release|x86 = Release|x86
	EndGlobalSection
	GlobalSection(ProjectConfigurationPlatforms) = postSolution
		{DD2C8755-5053-4D36-B0B6-EC6BD1031C9B}.Debug|x64.ActiveCfg = Debug|x64
		{DD2C8755-5053-4D36-B0B6-EC6BD1031C9B}.Debug|x64.Build.0 = Debug|x64
		{DD2C8755-5053-4D36-B0B6-EC6BD1031C9B}.Debug|x86.ActiveCfg = Debug|Win32
		{DD2C8755-5053-4D36-B0B6-EC6BD1031C9B}.Debug|x86.Build.0 = Debug|Win32
		{DD2C8755-5053-4D36-B0B6-EC6BD1031C9B}.Release|x64.ActiveCfg = Release|x64
		{DD2C8755-5053-4D36-B0B6-EC6BD1031C9B}.Release|x64.Build.0 = Release|x64
		{DD2C8755-5053-4D36-B0B6-EC6BD1031C9B}.Release|x86.ActiveCfg = Release|Win32
		{DD2C8755-5053-4D36-B0B6-EC6BD1031C9B}.Release|x86.Build.0 = Release|Win32
	EndGlobalSection
	GlobalSection(SolutionProperties) = preSolution
		HideSolutionNode = FALSE
	EndGlobalSection
	GlobalSection(ExtensibilityGlobals) = postSolution
		SolutionGuid = {61831F40-1B3A-47B8-9752-B7BF703567A5}
	EndGlobalSection
EndGlobal
