
Microsoft Visual Studio Solution File, Format Version 12.00
# Visual Studio 15
VisualStudioVersion = 15.0.27703.2026
MinimumVisualStudioVersion = 10.0.40219.1
Project("{8BC9CEB8-8B4A-11D0-8D11-00A0C91BC942}") = "Arrs", "Arrs\Arrs.vcxproj", "{66605D83-15D1-46B3-89E0-778AF5D7E351}"
EndProject
Global
	GlobalSection(SolutionConfigurationPlatforms) = preSolution
		Debug|x64 = Debug|x64
		Debug|x86 = Debug|x86
		Release|x64 = Release|x64
		Release|x86 = Release|x86
	EndGlobalSection
	GlobalSection(ProjectConfigurationPlatforms) = postSolution
		{66605D83-15D1-46B3-89E0-778AF5D7E351}.Debug|x64.ActiveCfg = Debug|x64
		{66605D83-15D1-46B3-89E0-778AF5D7E351}.Debug|x64.Build.0 = Debug|x64
		{66605D83-15D1-46B3-89E0-778AF5D7E351}.Debug|x86.ActiveCfg = Debug|Win32
		{66605D83-15D1-46B3-89E0-778AF5D7E351}.Debug|x86.Build.0 = Debug|Win32
		{66605D83-15D1-46B3-89E0-778AF5D7E351}.Release|x64.ActiveCfg = Release|x64
		{66605D83-15D1-46B3-89E0-778AF5D7E351}.Release|x64.Build.0 = Release|x64
		{66605D83-15D1-46B3-89E0-778AF5D7E351}.Release|x86.ActiveCfg = Release|Win32
		{66605D83-15D1-46B3-89E0-778AF5D7E351}.Release|x86.Build.0 = Release|Win32
	EndGlobalSection
	GlobalSection(SolutionProperties) = preSolution
		HideSolutionNode = FALSE
	EndGlobalSection
	GlobalSection(ExtensibilityGlobals) = postSolution
		SolutionGuid = {21CE1364-8BE5-4340-B1AA-91D59D2B01A4}
	EndGlobalSection
EndGlobal
